// !$*UTF8*$!
{
	archiveVersion = 1;
	classes = {
	};
	objectVersion = 46;
	objects = {

/* Begin PBXBuildFile section */
		F822B6AF1F667AE8001773B5 /* AppDelegate.swift in Sources */ = {isa = PBXBuildFile; fileRef = F822B6AE1F667AE8001773B5 /* AppDelegate.swift */; };
		F822B6B41F667AE8001773B5 /* Main.storyboard in Resources */ = {isa = PBXBuildFile; fileRef = F822B6B21F667AE8001773B5 /* Main.storyboard */; };
		F822B6B61F667AE8001773B5 /* Assets.xcassets in Resources */ = {isa = PBXBuildFile; fileRef = F822B6B51F667AE8001773B5 /* Assets.xcassets */; };
		F822B6B91F667AE8001773B5 /* LaunchScreen.storyboard in Resources */ = {isa = PBXBuildFile; fileRef = F822B6B71F667AE8001773B5 /* LaunchScreen.storyboard */; };
		F822B6C11F66AA9F001773B5 /* Product.swift in Sources */ = {isa = PBXBuildFile; fileRef = F822B6C01F66AA9F001773B5 /* Product.swift */; };
		F8313FC51F682DB3009EF0FF /* FeedTableViewController.swift in Sources */ = {isa = PBXBuildFile; fileRef = F8313FC41F682DB3009EF0FF /* FeedTableViewController.swift */; };
		F8313FC71F682E99009EF0FF /* FeedProductCell.swift in Sources */ = {isa = PBXBuildFile; fileRef = F8313FC61F682E99009EF0FF /* FeedProductCell.swift */; };
		F8313FC91F683317009EF0FF /* ProductDetailCell.swift in Sources */ = {isa = PBXBuildFile; fileRef = F8313FC81F683317009EF0FF /* ProductDetailCell.swift */; };
		F8313FCB1F68332A009EF0FF /* ProductBuyButtonCell.swift in Sources */ = {isa = PBXBuildFile; fileRef = F8313FCA1F68332A009EF0FF /* ProductBuyButtonCell.swift */; };
		F8313FD21F683481009EF0FF /* ProductDetailTVC.swift in Sources */ = {isa = PBXBuildFile; fileRef = F8313FD11F683481009EF0FF /* ProductDetailTVC.swift */; };
		F8313FD71F684205009EF0FF /* SliderImageController.swift in Sources */ = {isa = PBXBuildFile; fileRef = F8313FD61F684205009EF0FF /* SliderImageController.swift */; };
		F8313FD91F68427C009EF0FF /* SliderImagesPageViewController.swift in Sources */ = {isa = PBXBuildFile; fileRef = F8313FD81F68427C009EF0FF /* SliderImagesPageViewController.swift */; };
		F88BBF6D1F6B9711007746B3 /* ProductSliderView.swift in Sources */ = {isa = PBXBuildFile; fileRef = F88BBF6C1F6B9711007746B3 /* ProductSliderView.swift */; };
		F88BBF6F1F6BA54A007746B3 /* SuggestionCell.swift in Sources */ = {isa = PBXBuildFile; fileRef = F88BBF6E1F6BA54A007746B3 /* SuggestionCell.swift */; };
		F88BBF711F6BA644007746B3 /* SuggestionTableViewCell.swift in Sources */ = {isa = PBXBuildFile; fileRef = F88BBF701F6BA644007746B3 /* SuggestionTableViewCell.swift */; };
/* End PBXBuildFile section */

/* Begin PBXFileReference section */
		F822B6AB1F667AE8001773B5 /* ecommerce.app */ = {isa = PBXFileReference; explicitFileType = wrapper.application; includeInIndex = 0; path = ecommerce.app; sourceTree = BUILT_PRODUCTS_DIR; };
		F822B6AE1F667AE8001773B5 /* AppDelegate.swift */ = {isa = PBXFileReference; lastKnownFileType = sourcecode.swift; path = AppDelegate.swift; sourceTree = "<group>"; };
		F822B6B31F667AE8001773B5 /* Base */ = {isa = PBXFileReference; lastKnownFileType = file.storyboard; name = Base; path = Base.lproj/Main.storyboard; sourceTree = "<group>"; };
		F822B6B51F667AE8001773B5 /* Assets.xcassets */ = {isa = PBXFileReference; lastKnownFileType = folder.assetcatalog; path = Assets.xcassets; sourceTree = "<group>"; };
		F822B6B81F667AE8001773B5 /* Base */ = {isa = PBXFileReference; lastKnownFileType = file.storyboard; name = Base; path = Base.lproj/LaunchScreen.storyboard; sourceTree = "<group>"; };
		F822B6BA1F667AE8001773B5 /* Info.plist */ = {isa = PBXFileReference; lastKnownFileType = text.plist.xml; path = Info.plist; sourceTree = "<group>"; };
		F822B6C01F66AA9F001773B5 /* Product.swift */ = {isa = PBXFileReference; fileEncoding = 4; lastKnownFileType = sourcecode.swift; path = Product.swift; sourceTree = "<group>"; };
		F8313FC41F682DB3009EF0FF /* FeedTableViewController.swift */ = {isa = PBXFileReference; fileEncoding = 4; lastKnownFileType = sourcecode.swift; path = FeedTableViewController.swift; sourceTree = "<group>"; };
		F8313FC61F682E99009EF0FF /* FeedProductCell.swift */ = {isa = PBXFileReference; fileEncoding = 4; lastKnownFileType = sourcecode.swift; path = FeedProductCell.swift; sourceTree = "<group>"; };
		F8313FC81F683317009EF0FF /* ProductDetailCell.swift */ = {isa = PBXFileReference; fileEncoding = 4; lastKnownFileType = sourcecode.swift; path = ProductDetailCell.swift; sourceTree = "<group>"; };
		F8313FCA1F68332A009EF0FF /* ProductBuyButtonCell.swift */ = {isa = PBXFileReference; fileEncoding = 4; lastKnownFileType = sourcecode.swift; path = ProductBuyButtonCell.swift; sourceTree = "<group>"; };
		F8313FD11F683481009EF0FF /* ProductDetailTVC.swift */ = {isa = PBXFileReference; fileEncoding = 4; lastKnownFileType = sourcecode.swift; path = ProductDetailTVC.swift; sourceTree = "<group>"; };
		F8313FD61F684205009EF0FF /* SliderImageController.swift */ = {isa = PBXFileReference; fileEncoding = 4; lastKnownFileType = sourcecode.swift; path = SliderImageController.swift; sourceTree = "<group>"; };
		F8313FD81F68427C009EF0FF /* SliderImagesPageViewController.swift */ = {isa = PBXFileReference; fileEncoding = 4; lastKnownFileType = sourcecode.swift; path = SliderImagesPageViewController.swift; sourceTree = "<group>"; };
		F88BBF6C1F6B9711007746B3 /* ProductSliderView.swift */ = {isa = PBXFileReference; fileEncoding = 4; lastKnownFileType = sourcecode.swift; path = ProductSliderView.swift; sourceTree = "<group>"; };
		F88BBF6E1F6BA54A007746B3 /* SuggestionCell.swift */ = {isa = PBXFileReference; fileEncoding = 4; lastKnownFileType = sourcecode.swift; path = SuggestionCell.swift; sourceTree = "<group>"; };
		F88BBF701F6BA644007746B3 /* SuggestionTableViewCell.swift */ = {isa = PBXFileReference; fileEncoding = 4; lastKnownFileType = sourcecode.swift; path = SuggestionTableViewCell.swift; sourceTree = "<group>"; };
/* End PBXFileReference section */

/* Begin PBXFrameworksBuildPhase section */
		F822B6A81F667AE8001773B5 /* Frameworks */ = {
			isa = PBXFrameworksBuildPhase;
			buildActionMask = 2147483647;
			files = (
			);
			runOnlyForDeploymentPostprocessing = 0;
		};
/* End PBXFrameworksBuildPhase section */

/* Begin PBXGroup section */
		F822B6A21F667AE8001773B5 = {
			isa = PBXGroup;
			children = (
				F822B6AD1F667AE8001773B5 /* ecommerce */,
				F822B6AC1F667AE8001773B5 /* Products */,
			);
			sourceTree = "<group>";
		};
		F822B6AC1F667AE8001773B5 /* Products */ = {
			isa = PBXGroup;
			children = (
				F822B6AB1F667AE8001773B5 /* ecommerce.app */,
			);
			name = Products;
			sourceTree = "<group>";
		};
		F822B6AD1F667AE8001773B5 /* ecommerce */ = {
			isa = PBXGroup;
			children = (
				F822B6AE1F667AE8001773B5 /* AppDelegate.swift */,
				F822B6B71F667AE8001773B5 /* LaunchScreen.storyboard */,
				F822B6BA1F667AE8001773B5 /* Info.plist */,
				F8313FCE1F683392009EF0FF /* STORYBOARD */,
				F8313FD31F6841B5009EF0FF /* Detail */,
				F8313FCC1F68335B009EF0FF /* Feed */,
				F8313FCD1F683375009EF0FF /* MODEL */,
				F822B6B51F667AE8001773B5 /* Assets.xcassets */,
			);
			path = ecommerce;
			sourceTree = "<group>";
		};
		F8313FCC1F68335B009EF0FF /* Feed */ = {
			isa = PBXGroup;
			children = (
				F8313FD01F6833B7009EF0FF /* controllers */,
				F8313FCF1F6833A9009EF0FF /* view */,
			);
			name = Feed;
			sourceTree = "<group>";
		};
		F8313FCD1F683375009EF0FF /* MODEL */ = {
			isa = PBXGroup;
			children = (
				F822B6C01F66AA9F001773B5 /* Product.swift */,
			);
			name = MODEL;
			sourceTree = "<group>";
		};
		F8313FCE1F683392009EF0FF /* STORYBOARD */ = {
			isa = PBXGroup;
			children = (
				F822B6B21F667AE8001773B5 /* Main.storyboard */,
			);
			name = STORYBOARD;
			sourceTree = "<group>";
		};
		F8313FCF1F6833A9009EF0FF /* view */ = {
			isa = PBXGroup;
			children = (
				F8313FC61F682E99009EF0FF /* FeedProductCell.swift */,
			);
			name = view;
			sourceTree = "<group>";
		};
		F8313FD01F6833B7009EF0FF /* controllers */ = {
			isa = PBXGroup;
			children = (
				F8313FC41F682DB3009EF0FF /* FeedTableViewController.swift */,
			);
			name = controllers;
			sourceTree = "<group>";
		};
		F8313FD31F6841B5009EF0FF /* Detail */ = {
			isa = PBXGroup;
			children = (
				F8313FD41F6841C6009EF0FF /* views */,
				F8313FD51F6841CC009EF0FF /* controller */,
			);
			name = Detail;
			sourceTree = "<group>";
		};
		F8313FD41F6841C6009EF0FF /* views */ = {
			isa = PBXGroup;
			children = (
				F8313FC81F683317009EF0FF /* ProductDetailCell.swift */,
				F88BBF701F6BA644007746B3 /* SuggestionTableViewCell.swift */,
				F8313FCA1F68332A009EF0FF /* ProductBuyButtonCell.swift */,
				F88BBF6E1F6BA54A007746B3 /* SuggestionCell.swift */,
			);
			name = views;
			sourceTree = "<group>";
		};
		F8313FD51F6841CC009EF0FF /* controller */ = {
			isa = PBXGroup;
			children = (
				F8313FD11F683481009EF0FF /* ProductDetailTVC.swift */,
				F8313FD81F68427C009EF0FF /* SliderImagesPageViewController.swift */,
				F88BBF6C1F6B9711007746B3 /* ProductSliderView.swift */,
				F8313FD61F684205009EF0FF /* SliderImageController.swift */,
			);
			name = controller;
			sourceTree = "<group>";
		};
/* End PBXGroup section */

/* Begin PBXNativeTarget section */
		F822B6AA1F667AE8001773B5 /* ecommerce */ = {
			isa = PBXNativeTarget;
			buildConfigurationList = F822B6BD1F667AE8001773B5 /* Build configuration list for PBXNativeTarget "ecommerce" */;
			buildPhases = (
				F822B6A71F667AE8001773B5 /* Sources */,
				F822B6A81F667AE8001773B5 /* Frameworks */,
				F822B6A91F667AE8001773B5 /* Resources */,
			);
			buildRules = (
			);
			dependencies = (
			);
			name = ecommerce;
			productName = ecommerce;
			productReference = F822B6AB1F667AE8001773B5 /* ecommerce.app */;
			productType = "com.apple.product-type.application";
		};
/* End PBXNativeTarget section */

/* Begin PBXProject section */
		F822B6A31F667AE8001773B5 /* Project object */ = {
			isa = PBXProject;
			attributes = {
				LastSwiftUpdateCheck = 0830;
				LastUpgradeCheck = 0830;
				ORGANIZATIONNAME = "Octavianus Gandajaya";
				TargetAttributes = {
					F822B6AA1F667AE8001773B5 = {
						CreatedOnToolsVersion = 8.3.2;
						DevelopmentTeam = ZK45DE64XX;
						ProvisioningStyle = Automatic;
					};
				};
			};
			buildConfigurationList = F822B6A61F667AE8001773B5 /* Build configuration list for PBXProject "ecommerce" */;
			compatibilityVersion = "Xcode 3.2";
			developmentRegion = English;
			hasScannedForEncodings = 0;
			knownRegions = (
				en,
				Base,
			);
			mainGroup = F822B6A21F667AE8001773B5;
			productRefGroup = F822B6AC1F667AE8001773B5 /* Products */;
			projectDirPath = "";
			projectRoot = "";
			targets = (
				F822B6AA1F667AE8001773B5 /* ecommerce */,
			);
		};
/* End PBXProject section */

/* Begin PBXResourcesBuildPhase section */
		F822B6A91F667AE8001773B5 /* Resources */ = {
			isa = PBXResourcesBuildPhase;
			buildActionMask = 2147483647;
			files = (
				F822B6B91F667AE8001773B5 /* LaunchScreen.storyboard in Resources */,
				F822B6B61F667AE8001773B5 /* Assets.xcassets in Resources */,
				F822B6B41F667AE8001773B5 /* Main.storyboard in Resources */,
			);
			runOnlyForDeploymentPostprocessing = 0;
		};
/* End PBXResourcesBuildPhase section */

/* Begin PBXSourcesBuildPhase section */
		F822B6A71F667AE8001773B5 /* Sources */ = {
			isa = PBXSourcesBuildPhase;
			buildActionMask = 2147483647;
			files = (
				F8313FD71F684205009EF0FF /* SliderImageController.swift in Sources */,
				F8313FCB1F68332A009EF0FF /* ProductBuyButtonCell.swift in Sources */,
				F8313FD91F68427C009EF0FF /* SliderImagesPageViewController.swift in Sources */,
				F822B6AF1F667AE8001773B5 /* AppDelegate.swift in Sources */,
				F822B6C11F66AA9F001773B5 /* Product.swift in Sources */,
				F8313FC71F682E99009EF0FF /* FeedProductCell.swift in Sources */,
				F8313FD21F683481009EF0FF /* ProductDetailTVC.swift in Sources */,
				F88BBF6F1F6BA54A007746B3 /* SuggestionCell.swift in Sources */,
				F88BBF6D1F6B9711007746B3 /* ProductSliderView.swift in Sources */,
				F8313FC91F683317009EF0FF /* ProductDetailCell.swift in Sources */,
				F8313FC51F682DB3009EF0FF /* FeedTableViewController.swift in Sources */,
				F88BBF711F6BA644007746B3 /* SuggestionTableViewCell.swift in Sources */,
			);
			runOnlyForDeploymentPostprocessing = 0;
		};
/* End PBXSourcesBuildPhase section */

/* Begin PBXVariantGroup section */
		F822B6B21F667AE8001773B5 /* Main.storyboard */ = {
			isa = PBXVariantGroup;
			children = (
				F822B6B31F667AE8001773B5 /* Base */,
			);
			name = Main.storyboard;
			sourceTree = "<group>";
		};
		F822B6B71F667AE8001773B5 /* LaunchScreen.storyboard */ = {
			isa = PBXVariantGroup;
			children = (
				F822B6B81F667AE8001773B5 /* Base */,
			);
			name = LaunchScreen.storyboard;
			sourceTree = "<group>";
		};
/* End PBXVariantGroup section */

/* Begin XCBuildConfiguration section */
		F822B6BB1F667AE8001773B5 /* Debug */ = {
			isa = XCBuildConfiguration;
			buildSettings = {
				ALWAYS_SEARCH_USER_PATHS = NO;
				CLANG_ANALYZER_NONNULL = YES;
				CLANG_ANALYZER_NUMBER_OBJECT_CONVERSION = YES_AGGRESSIVE;
				CLANG_CXX_LANGUAGE_STANDARD = "gnu++0x";
				CLANG_CXX_LIBRARY = "libc++";
				CLANG_ENABLE_MODULES = YES;
				CLANG_ENABLE_OBJC_ARC = YES;
				CLANG_WARN_BOOL_CONVERSION = YES;
				CLANG_WARN_CONSTANT_CONVERSION = YES;
				CLANG_WARN_DIRECT_OBJC_ISA_USAGE = YES_ERROR;
				CLANG_WARN_DOCUMENTATION_COMMENTS = YES;
				CLANG_WARN_EMPTY_BODY = YES;
				CLANG_WARN_ENUM_CONVERSION = YES;
				CLANG_WARN_INFINITE_RECURSION = YES;
				CLANG_WARN_INT_CONVERSION = YES;
				CLANG_WARN_OBJC_ROOT_CLASS = YES_ERROR;
				CLANG_WARN_SUSPICIOUS_MOVE = YES;
				CLANG_WARN_UNREACHABLE_CODE = YES;
				CLANG_WARN__DUPLICATE_METHOD_MATCH = YES;
				"CODE_SIGN_IDENTITY[sdk=iphoneos*]" = "iPhone Developer";
				COPY_PHASE_STRIP = NO;
				DEBUG_INFORMATION_FORMAT = dwarf;
				ENABLE_STRICT_OBJC_MSGSEND = YES;
				ENABLE_TESTABILITY = YES;
				GCC_C_LANGUAGE_STANDARD = gnu99;
				GCC_DYNAMIC_NO_PIC = NO;
				GCC_NO_COMMON_BLOCKS = YES;
				GCC_OPTIMIZATION_LEVEL = 0;
				GCC_PREPROCESSOR_DEFINITIONS = (
					"DEBUG=1",
					"$(inherited)",
				);
				GCC_WARN_64_TO_32_BIT_CONVERSION = YES;
				GCC_WARN_ABOUT_RETURN_TYPE = YES_ERROR;
				GCC_WARN_UNDECLARED_SELECTOR = YES;
				GCC_WARN_UNINITIALIZED_AUTOS = YES_AGGRESSIVE;
				GCC_WARN_UNUSED_FUNCTION = YES;
				GCC_WARN_UNUSED_VARIABLE = YES;
				IPHONEOS_DEPLOYMENT_TARGET = 10.3;
				MTL_ENABLE_DEBUG_INFO = YES;
				ONLY_ACTIVE_ARCH = YES;
				SDKROOT = iphoneos;
				SWIFT_ACTIVE_COMPILATION_CONDITIONS = DEBUG;
				SWIFT_OPTIMIZATION_LEVEL = "-Onone";
			};
			name = Debug;
		};
		F822B6BC1F667AE8001773B5 /* Release */ = {
			isa = XCBuildConfiguration;
			buildSettings = {
				ALWAYS_SEARCH_USER_PATHS = NO;
				CLANG_ANALYZER_NONNULL = YES;
				CLANG_ANALYZER_NUMBER_OBJECT_CONVERSION = YES_AGGRESSIVE;
				CLANG_CXX_LANGUAGE_STANDARD = "gnu++0x";
				CLANG_CXX_LIBRARY = "libc++";
				CLANG_ENABLE_MODULES = YES;
				CLANG_ENABLE_OBJC_ARC = YES;
				CLANG_WARN_BOOL_CONVERSION = YES;
				CLANG_WARN_CONSTANT_CONVERSION = YES;
				CLANG_WARN_DIRECT_OBJC_ISA_USAGE = YES_ERROR;
				CLANG_WARN_DOCUMENTATION_COMMENTS = YES;
				CLANG_WARN_EMPTY_BODY = YES;
				CLANG_WARN_ENUM_CONVERSION = YES;
				CLANG_WARN_INFINITE_RECURSION = YES;
				CLANG_WARN_INT_CONVERSION = YES;
				CLANG_WARN_OBJC_ROOT_CLASS = YES_ERROR;
				CLANG_WARN_SUSPICIOUS_MOVE = YES;
				CLANG_WARN_UNREACHABLE_CODE = YES;
				CLANG_WARN__DUPLICATE_METHOD_MATCH = YES;
				"CODE_SIGN_IDENTITY[sdk=iphoneos*]" = "iPhone Developer";
				COPY_PHASE_STRIP = NO;
				DEBUG_INFORMATION_FORMAT = "dwarf-with-dsym";
				ENABLE_NS_ASSERTIONS = NO;
				ENABLE_STRICT_OBJC_MSGSEND = YES;
				GCC_C_LANGUAGE_STANDARD = gnu99;
				GCC_NO_COMMON_BLOCKS = YES;
				GCC_WARN_64_TO_32_BIT_CONVERSION = YES;
				GCC_WARN_ABOUT_RETURN_TYPE = YES_ERROR;
				GCC_WARN_UNDECLARED_SELECTOR = YES;
				GCC_WARN_UNINITIALIZED_AUTOS = YES_AGGRESSIVE;
				GCC_WARN_UNUSED_FUNCTION = YES;
				GCC_WARN_UNUSED_VARIABLE = YES;
				IPHONEOS_DEPLOYMENT_TARGET = 10.3;
				MTL_ENABLE_DEBUG_INFO = NO;
				SDKROOT = iphoneos;
				SWIFT_OPTIMIZATION_LEVEL = "-Owholemodule";
				VALIDATE_PRODUCT = YES;
			};
			name = Release;
		};
		F822B6BE1F667AE8001773B5 /* Debug */ = {
			isa = XCBuildConfiguration;
			buildSettings = {
				ASSETCATALOG_COMPILER_APPICON_NAME = AppIcon;
				DEVELOPMENT_TEAM = ZK45DE64XX;
				INFOPLIST_FILE = ecommerce/Info.plist;
				LD_RUNPATH_SEARCH_PATHS = "$(inherited) @executable_path/Frameworks";
				PRODUCT_BUNDLE_IDENTIFIER = gandajaya.ecommerce;
				PRODUCT_NAME = "$(TARGET_NAME)";
				SWIFT_VERSION = 3.0;
			};
			name = Debug;
		};
		F822B6BF1F667AE8001773B5 /* Release */ = {
			isa = XCBuildConfiguration;
			buildSettings = {
				ASSETCATALOG_COMPILER_APPICON_NAME = AppIcon;
				DEVELOPMENT_TEAM = ZK45DE64XX;
				INFOPLIST_FILE = ecommerce/Info.plist;
				LD_RUNPATH_SEARCH_PATHS = "$(inherited) @executable_path/Frameworks";
				PRODUCT_BUNDLE_IDENTIFIER = gandajaya.ecommerce;
				PRODUCT_NAME = "$(TARGET_NAME)";
				SWIFT_VERSION = 3.0;
			};
			name = Release;
		};
/* End XCBuildConfiguration section */

/* Begin XCConfigurationList section */
		F822B6A61F667AE8001773B5 /* Build configuration list for PBXProject "ecommerce" */ = {
			isa = XCConfigurationList;
			buildConfigurations = (
				F822B6BB1F667AE8001773B5 /* Debug */,
				F822B6BC1F667AE8001773B5 /* Release */,
			);
			defaultConfigurationIsVisible = 0;
			defaultConfigurationName = Release;
		};
		F822B6BD1F667AE8001773B5 /* Build configuration list for PBXNativeTarget "ecommerce" */ = {
			isa = XCConfigurationList;
			buildConfigurations = (
				F822B6BE1F667AE8001773B5 /* Debug */,
				F822B6BF1F667AE8001773B5 /* Release */,
			);
			defaultConfigurationIsVisible = 0;
			defaultConfigurationName = Release;
		};
/* End XCConfigurationList section */
	};
	rootObject = F822B6A31F667AE8001773B5 /* Project object */;
}
